
Microsoft Visual Studio Solution File, Format Version 12.00
# Visual Studio Version 17
VisualStudioVersion = 17.2.32602.215
MinimumVisualStudioVersion = 10.0.40219.1
Project("{FAE04EC0-301F-11D3-BF4B-00C04F79EFBC}") = "MVC-Reg-User", "MVC-Reg-User.csproj", "{B01171FE-AB48-495E-80E0-2DFC47FC74BF}"
EndProject
Global
	GlobalSection(SolutionConfigurationPlatforms) = preSolution
		Debug|Any CPU = Debug|Any CPU
		Release|Any CPU = Release|Any CPU
	EndGlobalSection
	GlobalSection(ProjectConfigurationPlatforms) = postSolution
		{B01171FE-AB48-495E-80E0-2DFC47FC74BF}.Debug|Any CPU.ActiveCfg = Debug|Any CPU
		{B01171FE-AB48-495E-80E0-2DFC47FC74BF}.Debug|Any CPU.Build.0 = Debug|Any CPU
		{B01171FE-AB48-495E-80E0-2DFC47FC74BF}.Release|Any CPU.ActiveCfg = Release|Any CPU
		{B01171FE-AB48-495E-80E0-2DFC47FC74BF}.Release|Any CPU.Build.0 = Release|Any CPU
	EndGlobalSection
	GlobalSection(SolutionProperties) = preSolution
		HideSolutionNode = FALSE
	EndGlobalSection
	GlobalSection(ExtensibilityGlobals) = postSolution
		SolutionGuid = {DCC0CEF7-A449-4C23-B2A8-A93257AD4DA6}
	EndGlobalSection
EndGlobal
